
Microsoft Visual Studio Solution File, Format Version 12.00
# Visual Studio Version 16
VisualStudioVersion = 16.0.30503.244
MinimumVisualStudioVersion = 10.0.40219.1
Project("{9A19103F-16F7-4668-BE54-9A1E7A4F7556}") = "TemplateCore.Domain", "TemplateCore.Domain\TemplateCore.Domain.csproj", "{671300B9-3B5C-45B2-829D-B3D41A0E4079}"
EndProject
Project("{9A19103F-16F7-4668-BE54-9A1E7A4F7556}") = "TemplateCore.DataAccess", "TemplateCore.DataAccess\TemplateCore.DataAccess.csproj", "{4BA7C679-6AAC-41F5-8DF0-0217DAAEAA1A}"
EndProject
Project("{9A19103F-16F7-4668-BE54-9A1E7A4F7556}") = "TemplateCore.Business", "TemplateCore.Business\TemplateCore.Business.csproj", "{2C7D0F53-AC98-4D1B-A0A1-A5F8332C3FF9}"
EndProject
Project("{9A19103F-16F7-4668-BE54-9A1E7A4F7556}") = "TemplateCore.Api", "TemplateCore.Api\TemplateCore.Api.csproj", "{1F10937E-F69A-405D-AABA-E56DDE504EAE}"
EndProject
Global
	GlobalSection(SolutionConfigurationPlatforms) = preSolution
		Debug|Any CPU = Debug|Any CPU
		Release|Any CPU = Release|Any CPU
	EndGlobalSection
	GlobalSection(ProjectConfigurationPlatforms) = postSolution
		{671300B9-3B5C-45B2-829D-B3D41A0E4079}.Debug|Any CPU.ActiveCfg = Debug|Any CPU
		{671300B9-3B5C-45B2-829D-B3D41A0E4079}.Debug|Any CPU.Build.0 = Debug|Any CPU
		{671300B9-3B5C-45B2-829D-B3D41A0E4079}.Release|Any CPU.ActiveCfg = Release|Any CPU
		{671300B9-3B5C-45B2-829D-B3D41A0E4079}.Release|Any CPU.Build.0 = Release|Any CPU
		{4BA7C679-6AAC-41F5-8DF0-0217DAAEAA1A}.Debug|Any CPU.ActiveCfg = Debug|Any CPU
		{4BA7C679-6AAC-41F5-8DF0-0217DAAEAA1A}.Debug|Any CPU.Build.0 = Debug|Any CPU
		{4BA7C679-6AAC-41F5-8DF0-0217DAAEAA1A}.Release|Any CPU.ActiveCfg = Release|Any CPU
		{4BA7C679-6AAC-41F5-8DF0-0217DAAEAA1A}.Release|Any CPU.Build.0 = Release|Any CPU
		{2C7D0F53-AC98-4D1B-A0A1-A5F8332C3FF9}.Debug|Any CPU.ActiveCfg = Debug|Any CPU
		{2C7D0F53-AC98-4D1B-A0A1-A5F8332C3FF9}.Debug|Any CPU.Build.0 = Debug|Any CPU
		{2C7D0F53-AC98-4D1B-A0A1-A5F8332C3FF9}.Release|Any CPU.ActiveCfg = Release|Any CPU
		{2C7D0F53-AC98-4D1B-A0A1-A5F8332C3FF9}.Release|Any CPU.Build.0 = Release|Any CPU
		{1F10937E-F69A-405D-AABA-E56DDE504EAE}.Debug|Any CPU.ActiveCfg = Debug|Any CPU
		{1F10937E-F69A-405D-AABA-E56DDE504EAE}.Debug|Any CPU.Build.0 = Debug|Any CPU
		{1F10937E-F69A-405D-AABA-E56DDE504EAE}.Release|Any CPU.ActiveCfg = Release|Any CPU
		{1F10937E-F69A-405D-AABA-E56DDE504EAE}.Release|Any CPU.Build.0 = Release|Any CPU
	EndGlobalSection
	GlobalSection(SolutionProperties) = preSolution
		HideSolutionNode = FALSE
	EndGlobalSection
	GlobalSection(ExtensibilityGlobals) = postSolution
		SolutionGuid = {6C8E088C-0591-49AF-95C3-C170B093AF6B}
	EndGlobalSection
EndGlobal
